{
    "_readme": [
        "This file locks the dependencies of your project to a known state",
        "Read more about it at http://getcomposer.org/doc/01-basic-usage.md#composer-lock-the-lock-file",
        "This file is @generated automatically"
    ],
    "hash": "526fedba8bd5b0a62f86458a39be6924",
    "packages": [
        {
            "name": "james-heinrich/phpthumb",
            "version": "v1.7.13",
            "source": {
                "type": "git",
                "url": "https://github.com/JamesHeinrich/phpThumb.git",
                "reference": "6a582647f352706432898e332d196c3c84a982d9"
            },
            "dist": {
                "type": "zip",
                "url": "https://api.github.com/repos/JamesHeinrich/phpThumb/zipball/6a582647f352706432898e332d196c3c84a982d9",
                "reference": "6a582647f352706432898e332d196c3c84a982d9",
                "shasum": ""
            },
            "require": {
                "php": ">=4.3.3"
            },
            "suggest": {
                "ext-gd": "PHP GD library",
                "ext-imagick": "PHP ImageMagick"
            },
            "type": "library",
            "autoload": {
                "files": [
                    "phpthumb.class.php"
                ]
            },
            "notification-url": "https://packagist.org/downloads/",
            "license": [
                "GPL"
            ],
            "authors": [
                {
                    "name": "James Heinric",
                    "email": "info@silisoftware.com",
                    "homepage": "http://www.silisoftware.com/",
                    "role": "Developer"
                }
            ],
            "description": "The PHP thumbnail generator",
            "homepage": "http://phpthumb.sourceforge.net/",
            "keywords": [
                "ImageMagick",
                "gd",
                "image",
                "magic",
                "thumb",
                "thumbnail"
            ],
            "time": "2014-06-26 14:09:03"
        },
        {
            "name": "psr/log",
            "version": "1.0.0",
            "source": {
                "type": "git",
                "url": "https://github.com/php-fig/log.git",
                "reference": "fe0936ee26643249e916849d48e3a51d5f5e278b"
            },
            "dist": {
                "type": "zip",
                "url": "https://api.github.com/repos/php-fig/log/zipball/fe0936ee26643249e916849d48e3a51d5f5e278b",
                "reference": "fe0936ee26643249e916849d48e3a51d5f5e278b",
                "shasum": ""
            },
            "type": "library",
            "autoload": {
                "psr-0": {
                    "Psr\\Log\\": ""
                }
            },
            "notification-url": "https://packagist.org/downloads/",
            "license": [
                "MIT"
            ],
            "authors": [
                {
                    "name": "PHP-FIG",
                    "homepage": "http://www.php-fig.org/"
                }
            ],
            "description": "Common interface for logging libraries",
            "keywords": [
                "log",
                "psr",
                "psr-3"
            ],
            "time": "2012-12-21 11:40:51"
        },
        {
            "name": "swiftmailer/swiftmailer",
            "version": "v5.3.0",
            "source": {
                "type": "git",
                "url": "https://github.com/swiftmailer/swiftmailer.git",
                "reference": "b86b927dfefdb56ab0b22d1350033d9a38e9f205"
            },
            "dist": {
                "type": "zip",
                "url": "https://api.github.com/repos/swiftmailer/swiftmailer/zipball/b86b927dfefdb56ab0b22d1350033d9a38e9f205",
                "reference": "b86b927dfefdb56ab0b22d1350033d9a38e9f205",
                "shasum": ""
            },
            "require": {
                "php": ">=5.3.3"
            },
            "require-dev": {
                "mockery/mockery": "~0.9.1"
            },
            "type": "library",
            "extra": {
                "branch-alias": {
                    "dev-master": "5.3-dev"
                }
            },
            "autoload": {
                "files": [
                    "lib/swift_required.php"
                ]
            },
            "notification-url": "https://packagist.org/downloads/",
            "license": [
                "MIT"
            ],
            "authors": [
                {
                    "name": "Chris Corbyn"
                },
                {
                    "name": "Fabien Potencier",
                    "email": "fabien@symfony.com"
                }
            ],
            "description": "Swiftmailer, free feature-rich PHP mailer",
            "homepage": "http://swiftmailer.org",
            "keywords": [
                "mail",
                "mailer"
            ],
            "time": "2014-10-04 05:53:18"
        },
        {
            "name": "symfony/config",
            "version": "v2.6.0",
            "target-dir": "Symfony/Component/Config",
            "source": {
                "type": "git",
                "url": "https://github.com/symfony/Config.git",
                "reference": "9282bb7f3251a95478a7198534577c02ab30b6b6"
            },
            "dist": {
                "type": "zip",
                "url": "https://api.github.com/repos/symfony/Config/zipball/9282bb7f3251a95478a7198534577c02ab30b6b6",
                "reference": "9282bb7f3251a95478a7198534577c02ab30b6b6",
                "shasum": ""
            },
            "require": {
                "php": ">=5.3.3",
                "symfony/filesystem": "~2.3"
            },
            "type": "library",
            "extra": {
                "branch-alias": {
                    "dev-master": "2.6-dev"
                }
            },
            "autoload": {
                "psr-0": {
                    "Symfony\\Component\\Config\\": ""
                }
            },
            "notification-url": "https://packagist.org/downloads/",
            "license": [
                "MIT"
            ],
            "authors": [
                {
                    "name": "Symfony Community",
                    "homepage": "http://symfony.com/contributors"
                },
                {
                    "name": "Fabien Potencier",
                    "email": "fabien@symfony.com"
                }
            ],
            "description": "Symfony Config Component",
            "homepage": "http://symfony.com",
            "time": "2014-11-20 13:24:23"
        },
        {
            "name": "symfony/debug",
            "version": "v2.6.0",
            "target-dir": "Symfony/Component/Debug",
            "source": {
                "type": "git",
                "url": "https://github.com/symfony/Debug.git",
                "reference": "e1e27710efabc3f67a2d1f6710641b3bdca289d3"
            },
            "dist": {
                "type": "zip",
                "url": "https://api.github.com/repos/symfony/Debug/zipball/e1e27710efabc3f67a2d1f6710641b3bdca289d3",
                "reference": "e1e27710efabc3f67a2d1f6710641b3bdca289d3",
                "shasum": ""
            },
            "require": {
                "php": ">=5.3.3",
                "psr/log": "~1.0"
            },
            "require-dev": {
                "symfony/http-foundation": "~2.1",
                "symfony/http-kernel": "~2.1"
            },
            "suggest": {
                "symfony/http-foundation": "",
                "symfony/http-kernel": ""
            },
            "type": "library",
            "extra": {
                "branch-alias": {
                    "dev-master": "2.6-dev"
                }
            },
            "autoload": {
                "psr-0": {
                    "Symfony\\Component\\Debug\\": ""
                }
            },
            "notification-url": "https://packagist.org/downloads/",
            "license": [
                "MIT"
            ],
            "authors": [
                {
                    "name": "Symfony Community",
                    "homepage": "http://symfony.com/contributors"
                },
                {
                    "name": "Fabien Potencier",
                    "email": "fabien@symfony.com"
                }
            ],
            "description": "Symfony Debug Component",
            "homepage": "http://symfony.com",
            "time": "2014-11-28 10:00:40"
        },
        {
            "name": "symfony/dependency-injection",
            "version": "v2.6.0",
            "target-dir": "Symfony/Component/DependencyInjection",
            "source": {
                "type": "git",
                "url": "https://github.com/symfony/DependencyInjection.git",
                "reference": "20bc8737876e4a2222101749b5547fd5acc24e30"
            },
            "dist": {
                "type": "zip",
                "url": "https://api.github.com/repos/symfony/DependencyInjection/zipball/20bc8737876e4a2222101749b5547fd5acc24e30",
                "reference": "20bc8737876e4a2222101749b5547fd5acc24e30",
                "shasum": ""
            },
            "require": {
                "php": ">=5.3.3"
            },
            "require-dev": {
                "symfony/config": "~2.2",
                "symfony/expression-language": "~2.4",
                "symfony/yaml": "~2.0"
            },
            "suggest": {
                "symfony/config": "",
                "symfony/proxy-manager-bridge": "Generate service proxies to lazy load them",
                "symfony/yaml": ""
            },
            "type": "library",
            "extra": {
                "branch-alias": {
                    "dev-master": "2.6-dev"
                }
            },
            "autoload": {
                "psr-0": {
                    "Symfony\\Component\\DependencyInjection\\": ""
                }
            },
            "notification-url": "https://packagist.org/downloads/",
            "license": [
                "MIT"
            ],
            "authors": [
                {
                    "name": "Symfony Community",
                    "homepage": "http://symfony.com/contributors"
                },
                {
                    "name": "Fabien Potencier",
                    "email": "fabien@symfony.com"
                }
            ],
            "description": "Symfony DependencyInjection Component",
            "homepage": "http://symfony.com",
            "time": "2014-11-28 10:00:40"
        },
        {
            "name": "symfony/event-dispatcher",
            "version": "v2.6.0",
            "target-dir": "Symfony/Component/EventDispatcher",
            "source": {
                "type": "git",
                "url": "https://github.com/symfony/EventDispatcher.git",
                "reference": "697331d4ac78668cf6d21a2bb009b3faae92814f"
            },
            "dist": {
                "type": "zip",
                "url": "https://api.github.com/repos/symfony/EventDispatcher/zipball/697331d4ac78668cf6d21a2bb009b3faae92814f",
                "reference": "697331d4ac78668cf6d21a2bb009b3faae92814f",
                "shasum": ""
            },
            "require": {
                "php": ">=5.3.3"
            },
            "require-dev": {
                "psr/log": "~1.0",
                "symfony/config": "~2.0",
                "symfony/dependency-injection": "~2.6",
                "symfony/expression-language": "~2.6",
                "symfony/stopwatch": "~2.2"
            },
            "suggest": {
                "symfony/dependency-injection": "",
                "symfony/http-kernel": ""
            },
            "type": "library",
            "extra": {
                "branch-alias": {
                    "dev-master": "2.6-dev"
                }
            },
            "autoload": {
                "psr-0": {
                    "Symfony\\Component\\EventDispatcher\\": ""
                }
            },
            "notification-url": "https://packagist.org/downloads/",
            "license": [
                "MIT"
            ],
            "authors": [
                {
                    "name": "Symfony Community",
                    "homepage": "http://symfony.com/contributors"
                },
                {
                    "name": "Fabien Potencier",
                    "email": "fabien@symfony.com"
                }
            ],
            "description": "Symfony EventDispatcher Component",
            "homepage": "http://symfony.com",
            "time": "2014-11-28 10:00:40"
        },
        {
            "name": "symfony/filesystem",
            "version": "v2.6.0",
            "target-dir": "Symfony/Component/Filesystem",
            "source": {
                "type": "git",
                "url": "https://github.com/symfony/Filesystem.git",
                "reference": "6f7c7e42f20ee200d8ac5d2ec1d2a524138305e0"
            },
            "dist": {
                "type": "zip",
                "url": "https://api.github.com/repos/symfony/Filesystem/zipball/6f7c7e42f20ee200d8ac5d2ec1d2a524138305e0",
                "reference": "6f7c7e42f20ee200d8ac5d2ec1d2a524138305e0",
                "shasum": ""
            },
            "require": {
                "php": ">=5.3.3"
            },
            "type": "library",
            "extra": {
                "branch-alias": {
                    "dev-master": "2.6-dev"
                }
            },
            "autoload": {
                "psr-0": {
                    "Symfony\\Component\\Filesystem\\": ""
                }
            },
            "notification-url": "https://packagist.org/downloads/",
            "license": [
                "MIT"
            ],
            "authors": [
                {
                    "name": "Symfony Community",
                    "homepage": "http://symfony.com/contributors"
                },
                {
                    "name": "Fabien Potencier",
                    "email": "fabien@symfony.com"
                }
            ],
            "description": "Symfony Filesystem Component",
            "homepage": "http://symfony.com",
            "time": "2014-11-16 17:28:09"
        },
        {
            "name": "symfony/http-foundation",
            "version": "v2.6.0",
            "target-dir": "Symfony/Component/HttpFoundation",
            "source": {
                "type": "git",
                "url": "https://github.com/symfony/HttpFoundation.git",
                "reference": "bb46e43145184ce8c3069a8ea2c299fb53d432f9"
            },
            "dist": {
                "type": "zip",
                "url": "https://api.github.com/repos/symfony/HttpFoundation/zipball/bb46e43145184ce8c3069a8ea2c299fb53d432f9",
                "reference": "bb46e43145184ce8c3069a8ea2c299fb53d432f9",
                "shasum": ""
            },
            "require": {
                "php": ">=5.3.3"
            },
            "require-dev": {
                "symfony/expression-language": "~2.4"
            },
            "type": "library",
            "extra": {
                "branch-alias": {
                    "dev-master": "2.6-dev"
                }
            },
            "autoload": {
                "psr-0": {
                    "Symfony\\Component\\HttpFoundation\\": ""
                },
                "classmap": [
                    "Symfony/Component/HttpFoundation/Resources/stubs"
                ]
            },
            "notification-url": "https://packagist.org/downloads/",
            "license": [
                "MIT"
            ],
            "authors": [
                {
                    "name": "Symfony Community",
                    "homepage": "http://symfony.com/contributors"
                },
                {
                    "name": "Fabien Potencier",
                    "email": "fabien@symfony.com"
                }
            ],
            "description": "Symfony HttpFoundation Component",
            "homepage": "http://symfony.com",
            "time": "2014-11-28 10:00:40"
        },
        {
            "name": "symfony/http-kernel",
            "version": "v2.6.0",
            "target-dir": "Symfony/Component/HttpKernel",
            "source": {
                "type": "git",
                "url": "https://github.com/symfony/HttpKernel.git",
                "reference": "0e3cad4d574e84b01d2a0df706bb31f024a93bdc"
            },
            "dist": {
                "type": "zip",
                "url": "https://api.github.com/repos/symfony/HttpKernel/zipball/0e3cad4d574e84b01d2a0df706bb31f024a93bdc",
                "reference": "0e3cad4d574e84b01d2a0df706bb31f024a93bdc",
                "shasum": ""
            },
            "require": {
                "php": ">=5.3.3",
                "psr/log": "~1.0",
                "symfony/debug": "~2.6",
                "symfony/event-dispatcher": "~2.5",
                "symfony/http-foundation": "~2.5"
            },
            "require-dev": {
                "symfony/browser-kit": "~2.2",
                "symfony/class-loader": "~2.1",
                "symfony/config": "~2.0",
                "symfony/console": "~2.2",
                "symfony/dependency-injection": "~2.0",
                "symfony/expression-language": "~2.4",
                "symfony/finder": "~2.0",
                "symfony/process": "~2.0",
                "symfony/routing": "~2.2",
                "symfony/stopwatch": "~2.2",
                "symfony/templating": "~2.2",
                "symfony/translation": "~2.0",
                "symfony/var-dumper": "~2.6"
            },
            "suggest": {
                "symfony/browser-kit": "",
                "symfony/class-loader": "",
                "symfony/config": "",
                "symfony/console": "",
                "symfony/dependency-injection": "",
                "symfony/finder": "",
                "symfony/var-dumper": ""
            },
            "type": "library",
            "extra": {
                "branch-alias": {
                    "dev-master": "2.6-dev"
                }
            },
            "autoload": {
                "psr-0": {
                    "Symfony\\Component\\HttpKernel\\": ""
                }
            },
            "notification-url": "https://packagist.org/downloads/",
            "license": [
                "MIT"
            ],
            "authors": [
                {
                    "name": "Symfony Community",
                    "homepage": "http://symfony.com/contributors"
                },
                {
                    "name": "Fabien Potencier",
                    "email": "fabien@symfony.com"
                }
            ],
            "description": "Symfony HttpKernel Component",
            "homepage": "http://symfony.com",
            "time": "2014-11-28 15:59:01"
        },
        {
            "name": "symfony/routing",
            "version": "v2.6.0",
            "target-dir": "Symfony/Component/Routing",
            "source": {
                "type": "git",
                "url": "https://github.com/symfony/Routing.git",
                "reference": "5e2c6aba6cbb00a6b7e3760db99f72c85c52b6e5"
            },
            "dist": {
                "type": "zip",
                "url": "https://api.github.com/repos/symfony/Routing/zipball/5e2c6aba6cbb00a6b7e3760db99f72c85c52b6e5",
                "reference": "5e2c6aba6cbb00a6b7e3760db99f72c85c52b6e5",
                "shasum": ""
            },
            "require": {
                "php": ">=5.3.3"
            },
            "require-dev": {
                "doctrine/annotations": "~1.0",
                "psr/log": "~1.0",
                "symfony/config": "~2.2",
                "symfony/expression-language": "~2.4",
                "symfony/http-foundation": "~2.3",
                "symfony/yaml": "~2.0"
            },
            "suggest": {
                "doctrine/annotations": "For using the annotation loader",
                "symfony/config": "For using the all-in-one router or any loader",
                "symfony/expression-language": "For using expression matching",
                "symfony/yaml": "For using the YAML loader"
            },
            "type": "library",
            "extra": {
                "branch-alias": {
                    "dev-master": "2.6-dev"
                }
            },
            "autoload": {
                "psr-0": {
                    "Symfony\\Component\\Routing\\": ""
                }
            },
            "notification-url": "https://packagist.org/downloads/",
            "license": [
                "MIT"
            ],
            "authors": [
                {
                    "name": "Symfony Community",
                    "homepage": "http://symfony.com/contributors"
                },
                {
                    "name": "Fabien Potencier",
                    "email": "fabien@symfony.com"
                }
            ],
            "description": "Symfony Routing Component",
            "homepage": "http://symfony.com",
            "keywords": [
                "router",
                "routing",
                "uri",
                "url"
            ],
            "time": "2014-11-16 17:28:09"
        },
        {
            "name": "symfony/security",
            "version": "v2.6.0",
            "target-dir": "Symfony/Component/Security",
            "source": {
                "type": "git",
                "url": "https://github.com/symfony/Security.git",
                "reference": "c2c3bd12e70eb8c74471ecba8254057b12affb1e"
            },
            "dist": {
                "type": "zip",
                "url": "https://api.github.com/repos/symfony/Security/zipball/c2c3bd12e70eb8c74471ecba8254057b12affb1e",
                "reference": "c2c3bd12e70eb8c74471ecba8254057b12affb1e",
                "shasum": ""
            },
            "require": {
                "php": ">=5.3.3",
                "symfony/event-dispatcher": "~2.1",
                "symfony/http-foundation": "~2.1",
                "symfony/http-kernel": "~2.4"
            },
            "replace": {
                "symfony/security-acl": "self.version",
                "symfony/security-core": "self.version",
                "symfony/security-csrf": "self.version",
                "symfony/security-http": "self.version"
            },
            "require-dev": {
                "doctrine/common": "~2.2",
                "doctrine/dbal": "~2.2",
                "ircmaxell/password-compat": "1.0.*",
                "psr/log": "~1.0",
                "symfony/expression-language": "~2.4",
                "symfony/routing": "~2.2",
                "symfony/validator": "~2.5"
            },
            "suggest": {
                "doctrine/dbal": "For using the built-in ACL implementation",
                "ircmaxell/password-compat": "For using the BCrypt password encoder in PHP <5.5",
                "symfony/class-loader": "For using the ACL generateSql script",
                "symfony/expression-language": "For using the expression voter",
                "symfony/finder": "For using the ACL generateSql script",
                "symfony/routing": "For using the HttpUtils class to create sub-requests, redirect the user, and match URLs",
                "symfony/validator": "For using the user password constraint"
            },
            "type": "library",
            "extra": {
                "branch-alias": {
                    "dev-master": "2.6-dev"
                }
            },
            "autoload": {
                "psr-0": {
                    "Symfony\\Component\\Security\\": ""
                }
            },
            "notification-url": "https://packagist.org/downloads/",
            "license": [
                "MIT"
            ],
            "authors": [
                {
                    "name": "Symfony Community",
                    "homepage": "http://symfony.com/contributors"
                },
                {
                    "name": "Fabien Potencier",
                    "email": "fabien@symfony.com"
                }
            ],
            "description": "Symfony Security Component",
            "homepage": "http://symfony.com",
            "time": "2014-11-28 10:00:40"
        },
        {
            "name": "symfony/serializer",
            "version": "v2.6.0",
            "target-dir": "Symfony/Component/Serializer",
            "source": {
                "type": "git",
                "url": "https://github.com/symfony/Serializer.git",
                "reference": "16e548902fab42d26ceb1de5ca06ab676d1a81a7"
            },
            "dist": {
                "type": "zip",
                "url": "https://api.github.com/repos/symfony/Serializer/zipball/16e548902fab42d26ceb1de5ca06ab676d1a81a7",
                "reference": "16e548902fab42d26ceb1de5ca06ab676d1a81a7",
                "shasum": ""
            },
            "require": {
                "php": ">=5.3.3"
            },
            "type": "library",
            "extra": {
                "branch-alias": {
                    "dev-master": "2.6-dev"
                }
            },
            "autoload": {
                "psr-0": {
                    "Symfony\\Component\\Serializer\\": ""
                }
            },
            "notification-url": "https://packagist.org/downloads/",
            "license": [
                "MIT"
            ],
            "authors": [
                {
                    "name": "Symfony Community",
                    "homepage": "http://symfony.com/contributors"
                },
                {
                    "name": "Fabien Potencier",
                    "email": "fabien@symfony.com"
                }
            ],
            "description": "Symfony Serializer Component",
            "homepage": "http://symfony.com",
            "time": "2014-11-20 13:24:23"
        },
        {
            "name": "symfony/translation",
            "version": "v2.6.0",
            "target-dir": "Symfony/Component/Translation",
            "source": {
                "type": "git",
                "url": "https://github.com/symfony/Translation.git",
                "reference": "0a3711860976f15ee46642b4dd354e9ef9fc9a15"
            },
            "dist": {
                "type": "zip",
                "url": "https://api.github.com/repos/symfony/Translation/zipball/0a3711860976f15ee46642b4dd354e9ef9fc9a15",
                "reference": "0a3711860976f15ee46642b4dd354e9ef9fc9a15",
                "shasum": ""
            },
            "require": {
                "php": ">=5.3.3"
            },
            "require-dev": {
                "psr/log": "~1.0",
                "symfony/config": "~2.0",
                "symfony/intl": "~2.3",
                "symfony/yaml": "~2.2"
            },
            "suggest": {
                "psr/log": "To use logging capability in translator",
                "symfony/config": "",
                "symfony/yaml": ""
            },
            "type": "library",
            "extra": {
                "branch-alias": {
                    "dev-master": "2.6-dev"
                }
            },
            "autoload": {
                "psr-0": {
                    "Symfony\\Component\\Translation\\": ""
                }
            },
            "notification-url": "https://packagist.org/downloads/",
            "license": [
                "MIT"
            ],
            "authors": [
                {
                    "name": "Symfony Community",
                    "homepage": "http://symfony.com/contributors"
                },
                {
                    "name": "Fabien Potencier",
                    "email": "fabien@symfony.com"
                }
            ],
            "description": "Symfony Translation Component",
            "homepage": "http://symfony.com",
            "time": "2014-11-28 10:00:40"
        },
        {
            "name": "symfony/validator",
            "version": "v2.6.0",
            "target-dir": "Symfony/Component/Validator",
            "source": {
                "type": "git",
                "url": "https://github.com/symfony/Validator.git",
                "reference": "cbf6575c4c9c83621df01483e215599f5377fc0b"
            },
            "dist": {
                "type": "zip",
                "url": "https://api.github.com/repos/symfony/Validator/zipball/cbf6575c4c9c83621df01483e215599f5377fc0b",
                "reference": "cbf6575c4c9c83621df01483e215599f5377fc0b",
                "shasum": ""
            },
            "require": {
                "php": ">=5.3.3",
                "symfony/translation": "~2.0"
            },
            "require-dev": {
                "doctrine/annotations": "~1.0",
                "doctrine/cache": "~1.0",
                "egulias/email-validator": "~1.0",
                "symfony/config": "~2.2",
                "symfony/expression-language": "~2.4",
                "symfony/http-foundation": "~2.1",
                "symfony/intl": "~2.3",
                "symfony/property-access": "~2.2",
                "symfony/yaml": "~2.0"
            },
            "suggest": {
                "doctrine/annotations": "For using the annotation mapping. You will also need doctrine/cache.",
                "doctrine/cache": "For using the default cached annotation reader and metadata cache.",
                "egulias/email-validator": "Strict (RFC compliant) email validation",
                "symfony/config": "",
                "symfony/expression-language": "For using the 2.4 Expression validator",
                "symfony/http-foundation": "",
                "symfony/intl": "",
                "symfony/property-access": "For using the 2.4 Validator API",
                "symfony/yaml": ""
            },
            "type": "library",
            "extra": {
                "branch-alias": {
                    "dev-master": "2.6-dev"
                }
            },
            "autoload": {
                "psr-0": {
                    "Symfony\\Component\\Validator\\": ""
                }
            },
            "notification-url": "https://packagist.org/downloads/",
            "license": [
                "MIT"
            ],
            "authors": [
                {
                    "name": "Symfony Community",
                    "homepage": "http://symfony.com/contributors"
                },
                {
                    "name": "Fabien Potencier",
                    "email": "fabien@symfony.com"
                }
            ],
            "description": "Symfony Validator Component",
            "homepage": "http://symfony.com",
            "time": "2014-11-28 10:00:40"
        },
        {
            "name": "symfony/yaml",
            "version": "v2.6.0",
            "target-dir": "Symfony/Component/Yaml",
            "source": {
                "type": "git",
                "url": "https://github.com/symfony/Yaml.git",
                "reference": "51c845cf3e4bfc182d1d5c05ed1c7338361d86f8"
            },
            "dist": {
                "type": "zip",
                "url": "https://api.github.com/repos/symfony/Yaml/zipball/51c845cf3e4bfc182d1d5c05ed1c7338361d86f8",
                "reference": "51c845cf3e4bfc182d1d5c05ed1c7338361d86f8",
                "shasum": ""
            },
            "require": {
                "php": ">=5.3.3"
            },
            "type": "library",
            "extra": {
                "branch-alias": {
                    "dev-master": "2.6-dev"
                }
            },
            "autoload": {
                "psr-0": {
                    "Symfony\\Component\\Yaml\\": ""
                }
            },
            "notification-url": "https://packagist.org/downloads/",
            "license": [
                "MIT"
            ],
            "authors": [
                {
                    "name": "Symfony Community",
                    "homepage": "http://symfony.com/contributors"
                },
                {
                    "name": "Fabien Potencier",
                    "email": "fabien@symfony.com"
                }
            ],
            "description": "Symfony Yaml Component",
            "homepage": "http://symfony.com",
            "time": "2014-11-20 13:24:23"
        }
    ],
    "packages-dev": [],
    "aliases": [],
    "minimum-stability": "stable",
    "stability-flags": [],
    "prefer-stable": false,
    "platform": {
        "php": ">=5.3.3"
    },
    "platform-dev": []
}
